
Microsoft Visual Studio Solution File, Format Version 12.00
# Visual Studio Version 17
VisualStudioVersion = 17.0.32014.148
MinimumVisualStudioVersion = 10.0.40219.1
Project("{9A19103F-16F7-4668-BE54-9A1E7A4F7556}") = "BlazorJwtAuthDemo.Server", "BlazorJwtAuthDemo\Server\BlazorJwtAuthDemo.Server.csproj", "{D52C3BE8-A88D-4339-903D-E4C9DCEA5870}"
EndProject
Project("{9A19103F-16F7-4668-BE54-9A1E7A4F7556}") = "BlazorJwtAuthDemo.Client", "BlazorJwtAuthDemo\Client\BlazorJwtAuthDemo.Client.csproj", "{CF40C924-199A-4B1A-AD43-C6B41B7CAA77}"
EndProject
Project("{9A19103F-16F7-4668-BE54-9A1E7A4F7556}") = "BlazorJwtAuthDemo.Shared", "BlazorJwtAuthDemo\Shared\BlazorJwtAuthDemo.Shared.csproj", "{280640BD-CBFE-49A1-9614-5FAF26ABCCE0}"
EndProject
Project("{2150E333-8FDC-42A3-9474-1A3956D46DE8}") = "URLS", "URLS", "{ED0B308A-CC86-4966-970F-AEA67E764778}"
	ProjectSection(SolutionItems) = preProject
		readme.md = readme.md
	EndProjectSection
EndProject
Global
	GlobalSection(SolutionConfigurationPlatforms) = preSolution
		Debug|Any CPU = Debug|Any CPU
		Release|Any CPU = Release|Any CPU
	EndGlobalSection
	GlobalSection(ProjectConfigurationPlatforms) = postSolution
		{D52C3BE8-A88D-4339-903D-E4C9DCEA5870}.Debug|Any CPU.ActiveCfg = Debug|Any CPU
		{D52C3BE8-A88D-4339-903D-E4C9DCEA5870}.Debug|Any CPU.Build.0 = Debug|Any CPU
		{D52C3BE8-A88D-4339-903D-E4C9DCEA5870}.Release|Any CPU.ActiveCfg = Release|Any CPU
		{D52C3BE8-A88D-4339-903D-E4C9DCEA5870}.Release|Any CPU.Build.0 = Release|Any CPU
		{CF40C924-199A-4B1A-AD43-C6B41B7CAA77}.Debug|Any CPU.ActiveCfg = Debug|Any CPU
		{CF40C924-199A-4B1A-AD43-C6B41B7CAA77}.Debug|Any CPU.Build.0 = Debug|Any CPU
		{CF40C924-199A-4B1A-AD43-C6B41B7CAA77}.Release|Any CPU.ActiveCfg = Release|Any CPU
		{CF40C924-199A-4B1A-AD43-C6B41B7CAA77}.Release|Any CPU.Build.0 = Release|Any CPU
		{280640BD-CBFE-49A1-9614-5FAF26ABCCE0}.Debug|Any CPU.ActiveCfg = Debug|Any CPU
		{280640BD-CBFE-49A1-9614-5FAF26ABCCE0}.Debug|Any CPU.Build.0 = Debug|Any CPU
		{280640BD-CBFE-49A1-9614-5FAF26ABCCE0}.Release|Any CPU.ActiveCfg = Release|Any CPU
		{280640BD-CBFE-49A1-9614-5FAF26ABCCE0}.Release|Any CPU.Build.0 = Release|Any CPU
	EndGlobalSection
	GlobalSection(SolutionProperties) = preSolution
		HideSolutionNode = FALSE
	EndGlobalSection
	GlobalSection(ExtensibilityGlobals) = postSolution
		SolutionGuid = {BA25AAC0-716E-4FF4-961C-199F4AC6F8E1}
	EndGlobalSection
EndGlobal
